
Microsoft Visual Studio Solution File, Format Version 12.00
# Visual Studio Version 17
VisualStudioVersion = 17.0.32112.339
MinimumVisualStudioVersion = 10.0.40219.1
Project("{FAE04EC0-301F-11D3-BF4B-00C04F79EFBC}") = "WebApi2", "WebApi2\WebApi2.csproj", "{B171CD53-F6A1-4623-872E-B55E2DB1FE22}"
EndProject
Global
	GlobalSection(SolutionConfigurationPlatforms) = preSolution
		Debug|Any CPU = Debug|Any CPU
		Release|Any CPU = Release|Any CPU
	EndGlobalSection
	GlobalSection(ProjectConfigurationPlatforms) = postSolution
		{B171CD53-F6A1-4623-872E-B55E2DB1FE22}.Debug|Any CPU.ActiveCfg = Debug|Any CPU
		{B171CD53-F6A1-4623-872E-B55E2DB1FE22}.Debug|Any CPU.Build.0 = Debug|Any CPU
		{B171CD53-F6A1-4623-872E-B55E2DB1FE22}.Release|Any CPU.ActiveCfg = Release|Any CPU
		{B171CD53-F6A1-4623-872E-B55E2DB1FE22}.Release|Any CPU.Build.0 = Release|Any CPU
	EndGlobalSection
	GlobalSection(SolutionProperties) = preSolution
		HideSolutionNode = FALSE
	EndGlobalSection
	GlobalSection(ExtensibilityGlobals) = postSolution
		SolutionGuid = {77447220-2720-4829-A965-415CB92FE197}
	EndGlobalSection
EndGlobal
